
Microsoft Visual Studio Solution File, Format Version 12.00
# Visual Studio Version 16
VisualStudioVersion = 16.0.31424.327
MinimumVisualStudioVersion = 10.0.40219.1
Project("{FAE04EC0-301F-11D3-BF4B-00C04F79EFBC}") = "NP5lab", "NP5lab\NP5lab.csproj", "{F8A9310F-272D-4F17-A61D-39753FC6AB7B}"
EndProject
Global
	GlobalSection(SolutionConfigurationPlatforms) = preSolution
		Debug|Any CPU = Debug|Any CPU
		Release|Any CPU = Release|Any CPU
	EndGlobalSection
	GlobalSection(ProjectConfigurationPlatforms) = postSolution
		{F8A9310F-272D-4F17-A61D-39753FC6AB7B}.Debug|Any CPU.ActiveCfg = Debug|Any CPU
		{F8A9310F-272D-4F17-A61D-39753FC6AB7B}.Debug|Any CPU.Build.0 = Debug|Any CPU
		{F8A9310F-272D-4F17-A61D-39753FC6AB7B}.Release|Any CPU.ActiveCfg = Release|Any CPU
		{F8A9310F-272D-4F17-A61D-39753FC6AB7B}.Release|Any CPU.Build.0 = Release|Any CPU
	EndGlobalSection
	GlobalSection(SolutionProperties) = preSolution
		HideSolutionNode = FALSE
	EndGlobalSection
	GlobalSection(ExtensibilityGlobals) = postSolution
		SolutionGuid = {F6A40719-C05B-49A7-8B26-AFBA8FF7AE4C}
	EndGlobalSection
EndGlobal
